<?xml version="1.0" encoding="utf-8"?>
<Project ToolsVersion="4.0" xmlns="http://schemas.microsoft.com/developer/msbuild/2003">
  <ItemGroup>
    <Filter Include="Source Files">
      <UniqueIdentifier>{4FC737F1-C7A5-4376-A066-2A32D752A2FF}</UniqueIdentifier>
      <Extensions>cpp;c;cc;cxx;c++;cppm;ixx;def;odl;idl;hpj;bat;asm;asmx</Extensions>
    </Filter>
    <Filter Include="Header Files">
      <UniqueIdentifier>{93995380-89BD-4b04-88EB-625FBE52EBFB}</UniqueIdentifier>
      <Extensions>h;hh;hpp;hxx;h++;hm;inl;inc;ipp;xsd</Extensions>
    </Filter>
    <Filter Include="Resource Files">
      <UniqueIdentifier>{67DA6AB6-F800-4c08-8B7A-83BB121AAD01}</UniqueIdentifier>
      <Extensions>rc;ico;cur;bmp;dlg;rc2;rct;bin;rgs;gif;jpg;jpeg;jpe;resx;tiff;tif;png;wav;mfcribbon-ms</Extensions>
    </Filter>
    <Filter Include="Source Files\Plugins">
      <UniqueIdentifier>{2a2ea76c-bdf1-4fff-b155-87f12b8ac5f9}</UniqueIdentifier>
    </Filter>
    <Filter Include="Header Files\Plugins">
      <UniqueIdentifier>{cb47c7c6-cc8d-4516-b297-ff443efc73b8}</UniqueIdentifier>
    </Filter>
    <Filter Include="Source Files\Systems">
      <UniqueIdentifier>{19d81618-f08f-4a1c-bae0-06486756c514}</UniqueIdentifier>
    </Filter>
    <Filter Include="Source Files\Physics">
      <UniqueIdentifier>{39821865-ecb6-422e-8524-5155888b84ab}</UniqueIdentifier>
    </Filter>
    <Filter Include="Source Files\Graphics">
      <UniqueIdentifier>{f6de2c03-6afa-4f4f-b959-f64a8290eaef}</UniqueIdentifier>
    </Filter>
    <Filter Include="Source Files\Collision">
      <UniqueIdentifier>{07b04861-c4be-4bf5-bd42-f1f4ffbfce0e}</UniqueIdentifier>
    </Filter>
    <Filter Include="Source Files\Types">
      <UniqueIdentifier>{2929bcd7-2dcf-4ec6-9093-412fddd946f6}</UniqueIdentifier>
    </Filter>
    <Filter Include="Source Files\Game Components">
      <UniqueIdentifier>{5c3668ef-0090-4969-90ea-a77154c92a38}</UniqueIdentifier>
    </Filter>
    <Filter Include="Source Files\Interfaces">
      <UniqueIdentifier>{d04a01fb-32b7-45ab-b76e-f891c2e45bdc}</UniqueIdentifier>
    </Filter>
  </ItemGroup>
  <ItemGroup>
    <ClCompile Include="src\glad.cpp">
      <Filter>Source Files</Filter>
    </ClCompile>
    <ClCompile Include="src\main.cpp">
      <Filter>Source Files</Filter>
    </ClCompile>
    <ClCompile Include="src\stb.cpp">
      <Filter>Source Files</Filter>
    </ClCompile>
    <ClCompile Include="src\Types\animation.cpp">
      <Filter>Source Files\Graphics</Filter>
    </ClCompile>
    <ClCompile Include="src\Systems\collision.cpp">
      <Filter>Source Files\Collision</Filter>
    </ClCompile>
    <ClCompile Include="src\Systems\debug.cpp">
      <Filter>Source Files\Systems</Filter>
    </ClCompile>
    <ClCompile Include="src\Systems\audio.cpp">
      <Filter>Source Files\Systems</Filter>
    </ClCompile>
    <ClCompile Include="src\Systems\engine.cpp">
      <Filter>Source Files\Systems</Filter>
    </ClCompile>
    <ClCompile Include="src\Types\entity.cpp">
      <Filter>Source Files\Game Components</Filter>
    </ClCompile>
    <ClCompile Include="src\Systems\graphics.cpp">
      <Filter>Source Files\Graphics</Filter>
    </ClCompile>
    <ClCompile Include="src\Systems\input.cpp">
      <Filter>Source Files\Systems</Filter>
    </ClCompile>
    <ClCompile Include="src\Types\material.cpp">
      <Filter>Source Files\Graphics</Filter>
    </ClCompile>
    <ClCompile Include="src\Types\mesh.cpp">
      <Filter>Source Files\Graphics</Filter>
    </ClCompile>
    <ClCompile Include="src\Systems\physics.cpp">
      <Filter>Source Files\Physics</Filter>
    </ClCompile>
    <ClCompile Include="src\Types\scene.cpp">
      <Filter>Source Files\Game Components</Filter>
    </ClCompile>
    <ClCompile Include="src\Systems\random.cpp">
      <Filter>Source Files\Systems</Filter>
    </ClCompile>
    <ClCompile Include="src\Systems\scene_manager.cpp">
      <Filter>Source Files\Systems</Filter>
    </ClCompile>
    <ClCompile Include="src\Systems\system_manager.cpp">
      <Filter>Source Files\Systems</Filter>
    </ClCompile>
    <ClCompile Include="src\Types\shader.cpp">
      <Filter>Source Files\Graphics</Filter>
    </ClCompile>
    <ClCompile Include="src\Types\texture.cpp">
      <Filter>Source Files\Graphics</Filter>
    </ClCompile>
    <ClCompile Include="src\Systems\time.cpp">
      <Filter>Source Files\Systems</Filter>
    </ClCompile>
    <ClCompile Include="src\Systems\window.cpp">
      <Filter>Source Files\Systems</Filter>
    </ClCompile>
    <ClCompile Include="src\Systems\gui.cpp">
      <Filter>Source Files</Filter>
    </ClCompile>
    <ClCompile Include="include\Interfaces\object.hpp">
      <Filter>Source Files</Filter>
    </ClCompile>
    <ClCompile Include="include\Interfaces\instantiate.hpp">
      <Filter>Source Files</Filter>
    </ClCompile>
    <ClCompile Include="plugins\Modules\c_emitter.hpp">
      <Filter>Source Files</Filter>
    </ClCompile>
    <ClCompile Include="src\Types\shader_module.cpp">
      <Filter>Source Files</Filter>
    </ClCompile>
    <ClCompile Include="include\Types\range.hpp">
      <Filter>Source Files</Filter>
    </ClCompile>
    <ClCompile Include="src\Types\audio_clip.cpp">
      <Filter>Source Files</Filter>
    </ClCompile>
    <ClCompile Include="src\Types\project.cpp">
      <Filter>Source Files</Filter>
    </ClCompile>
    <ClCompile Include="src\Types\color.cpp">
      <Filter>Source Files</Filter>
    </ClCompile>
    <ClCompile Include="src\Types\module.cpp">
      <Filter>Source Files</Filter>
    </ClCompile>
    <ClCompile Include="include\Interfaces\random_generate.hpp">
      <Filter>Source Files</Filter>
    </ClCompile>
    <ClCompile Include="include\Types\serialized_func.hpp">
      <Filter>Source Files</Filter>
    </ClCompile>
    <ClCompile Include="src\debug.cpp">
      <Filter>Source Files</Filter>
    </ClCompile>
    <ClCompile Include="src\engine.cpp">
      <Filter>Source Files</Filter>
    </ClCompile>
    <ClCompile Include="src\engine_system.cpp">
      <Filter>Source Files</Filter>
    </ClCompile>
    <ClCompile Include="src\engine_system_manager.cpp">
      <Filter>Source Files</Filter>
    </ClCompile>
    <ClCompile Include="src\module_system_manager.cpp">
      <Filter>Source Files</Filter>
    </ClCompile>
    <ClCompile Include="src\physics.cpp">
      <Filter>Source Files</Filter>
    </ClCompile>
    <ClCompile Include="src\random.cpp">
      <Filter>Source Files</Filter>
    </ClCompile>
    <ClCompile Include="src\scene_manager.cpp">
      <Filter>Source Files</Filter>
    </ClCompile>
    <ClCompile Include="src\set_acceleration.cpp">
      <Filter>Source Files</Filter>
    </ClCompile>
    <ClCompile Include="src\set_velocity.cpp">
      <Filter>Source Files</Filter>
    </ClCompile>
    <ClCompile Include="src\tick.cpp">
      <Filter>Source Files</Filter>
    </ClCompile>
  </ItemGroup>
  <ItemGroup>
    <ClInclude Include="include\Types\animation.hpp">
      <Filter>Header Files</Filter>
    </ClInclude>
    <ClInclude Include="include\Systems\audio.hpp">
      <Filter>Header Files</Filter>
    </ClInclude>
    <ClInclude Include="include\Systems\collision.hpp">
      <Filter>Header Files</Filter>
    </ClInclude>
    <ClInclude Include="include\Types\color.hpp">
      <Filter>Header Files</Filter>
    </ClInclude>
    <ClInclude Include="include\Types\module.hpp">
      <Filter>Header Files</Filter>
    </ClInclude>
    <ClInclude Include="include\Systems\debug.hpp">
      <Filter>Header Files</Filter>
    </ClInclude>
    <ClInclude Include="include\Systems\engine.hpp">
      <Filter>Header Files</Filter>
    </ClInclude>
    <ClInclude Include="include\Types\entity.hpp">
      <Filter>Header Files</Filter>
    </ClInclude>
    <ClInclude Include="include\Systems\graphics.hpp">
      <Filter>Header Files</Filter>
    </ClInclude>
    <ClInclude Include="include\Systems\input.hpp">
      <Filter>Header Files</Filter>
    </ClInclude>
    <ClInclude Include="include\Types\material.hpp">
      <Filter>Header Files</Filter>
    </ClInclude>
    <ClInclude Include="include\Types\mesh.hpp">
      <Filter>Header Files</Filter>
    </ClInclude>
    <ClInclude Include="include\Systems\physics.hpp">
      <Filter>Header Files</Filter>
    </ClInclude>
    <ClInclude Include="include\Systems\random.hpp">
      <Filter>Header Files</Filter>
    </ClInclude>
    <ClInclude Include="include\Types\scene.hpp">
      <Filter>Header Files</Filter>
    </ClInclude>
    <ClInclude Include="include\Systems\scene_manager.hpp">
      <Filter>Header Files</Filter>
    </ClInclude>
    <ClInclude Include="include\Types\shader.hpp">
      <Filter>Header Files</Filter>
    </ClInclude>
    <ClInclude Include="include\Types\state_machine.hpp">
      <Filter>Header Files</Filter>
    </ClInclude>
    <ClInclude Include="include\Systems\system_manager.hpp">
      <Filter>Header Files</Filter>
    </ClInclude>
    <ClInclude Include="include\Types\texture.hpp">
      <Filter>Header Files</Filter>
    </ClInclude>
    <ClInclude Include="include\Systems\time.hpp">
      <Filter>Header Files</Filter>
    </ClInclude>
    <ClInclude Include="include\Types\transform.hpp">
      <Filter>Header Files</Filter>
    </ClInclude>
    <ClInclude Include="include\Systems\window.hpp">
      <Filter>Header Files</Filter>
    </ClInclude>
    <ClInclude Include="plugins\Components\Animation\c_animation.hpp">
      <Filter>Header Files\Plugins</Filter>
    </ClInclude>
    <ClInclude Include="plugins\Modules\c_appearance.hpp">
      <Filter>Header Files\Plugins</Filter>
    </ClInclude>
    <ClInclude Include="plugins\Modules\c_camera.hpp">
      <Filter>Header Files\Plugins</Filter>
    </ClInclude>
    <ClInclude Include="plugins\Modules\c_physics.hpp">
      <Filter>Header Files\Plugins</Filter>
    </ClInclude>
    <ClInclude Include="plugins\Modules\c_structure.hpp">
      <Filter>Header Files\Plugins</Filter>
    </ClInclude>
    <ClInclude Include="plugins\Modules\c_stub.hpp">
      <Filter>Header Files\Plugins</Filter>
    </ClInclude>
    <ClInclude Include="plugins\Modules\c_transform.hpp">
      <Filter>Header Files\Plugins</Filter>
    </ClInclude>
    <ClInclude Include="plugins\Modules\c_button.hpp">
      <Filter>Header Files\Plugins</Filter>
    </ClInclude>
    <ClInclude Include="plugins\Modules\c_label.hpp">
      <Filter>Header Files\Plugins</Filter>
    </ClInclude>
    <ClInclude Include="plugins\Modules\c_collision.hpp">
      <Filter>Header Files\Plugins</Filter>
    </ClInclude>
    <ClInclude Include="include\Types\event.hpp">
      <Filter>Header Files</Filter>
    </ClInclude>
    <ClInclude Include="plugins\Modules\c_input.hpp">
      <Filter>Header Files\Plugins</Filter>
    </ClInclude>
    <ClInclude Include="include\Math\vector.hpp">
      <Filter>Header Files</Filter>
    </ClInclude>
    <ClInclude Include="include\Math\matrix.hpp">
      <Filter>Header Files</Filter>
    </ClInclude>
    <ClInclude Include="include\Interfaces\serialize.hpp">
      <Filter>Header Files</Filter>
    </ClInclude>
    <ClInclude Include="include\Systems\gui.hpp">
      <Filter>Header Files</Filter>
    </ClInclude>
    <ClInclude Include="include\Math\quaternion.hpp">
      <Filter>Header Files</Filter>
    </ClInclude>
    <ClInclude Include="include\Interfaces\property.hpp">
      <Filter>Header Files</Filter>
    </ClInclude>
    <ClInclude Include="plugins\Modules\c_properties.hpp">
      <Filter>Header Files</Filter>
    </ClInclude>
    <ClInclude Include="plugins\Components\AudioSource\c_audio_source.hpp">
      <Filter>Header Files</Filter>
    </ClInclude>
    <ClInclude Include="plugins\Modules\c_slider.hpp">
      <Filter>Header Files</Filter>
    </ClInclude>
    <ClInclude Include="plugins\Modules\c_toggle.hpp">
      <Filter>Header Files</Filter>
    </ClInclude>
    <ClInclude Include="include\Interfaces\unique.hpp">
      <Filter>Header Files</Filter>
    </ClInclude>
    <ClInclude Include="include\Types\shader_module.hpp">
      <Filter>Header Files</Filter>
    </ClInclude>
    <ClInclude Include="include\Systems\file_io.hpp">
      <Filter>Header Files</Filter>
    </ClInclude>
    <ClInclude Include="plugins\Modules\c_tilemap.hpp">
      <Filter>Header Files</Filter>
    </ClInclude>
    <ClInclude Include="plugins\Modules\c_state_machine.hpp">
      <Filter>Header Files</Filter>
    </ClInclude>
    <ClInclude Include="include\Types\reference.hpp">
      <Filter>Header Files</Filter>
    </ClInclude>
    <ClInclude Include="plugins\Modules\c_layout.hpp">
      <Filter>Header Files</Filter>
    </ClInclude>
    <ClInclude Include="include\Types\rect.hpp">
      <Filter>Header Files</Filter>
    </ClInclude>
    <ClInclude Include="plugins\Modules\c_source.hpp">
      <Filter>Header Files</Filter>
    </ClInclude>
    <ClInclude Include="plugins\Modules\c_receiver.hpp">
      <Filter>Header Files</Filter>
    </ClInclude>
    <ClInclude Include="include\Types\audio_clip.hpp">
      <Filter>Header Files</Filter>
    </ClInclude>
    <ClInclude Include="include\Types\project.hpp">
      <Filter>Header Files</Filter>
    </ClInclude>
    <ClInclude Include="include\Types\gradient.hpp">
      <Filter>Header Files</Filter>
    </ClInclude>
    <ClInclude Include="include\Interfaces\lerp.hpp">
      <Filter>Header Files</Filter>
    </ClInclude>
    <ClInclude Include="include\Interfaces\numbers.hpp">
      <Filter>Header Files</Filter>
    </ClInclude>
    <ClInclude Include="include\Types\graph_curve.hpp">
      <Filter>Header Files</Filter>
    </ClInclude>
    <ClInclude Include="include\Types\executable.hpp">
      <Filter>Header Files</Filter>
    </ClInclude>
    <ClInclude Include="include\Types\ref_or_val.hpp">
      <Filter>Header Files</Filter>
    </ClInclude>
    <ClInclude Include="include\animation.hpp">
      <Filter>Header Files</Filter>
    </ClInclude>
    <ClInclude Include="include\appearance.hpp">
      <Filter>Header Files</Filter>
    </ClInclude>
    <ClInclude Include="include\asset.hpp">
      <Filter>Header Files</Filter>
    </ClInclude>
    <ClInclude Include="include\audio.hpp">
      <Filter>Header Files</Filter>
    </ClInclude>
    <ClInclude Include="include\camera.hpp">
      <Filter>Header Files</Filter>
    </ClInclude>
    <ClInclude Include="include\clip.hpp">
      <Filter>Header Files</Filter>
    </ClInclude>
    <ClInclude Include="include\collision.hpp">
      <Filter>Header Files</Filter>
    </ClInclude>
    <ClInclude Include="include\collision_callback_context.hpp">
      <Filter>Header Files</Filter>
    </ClInclude>
    <ClInclude Include="include\collision_system.hpp">
      <Filter>Header Files</Filter>
    </ClInclude>
    <ClInclude Include="include\color.hpp">
      <Filter>Header Files</Filter>
    </ClInclude>
    <ClInclude Include="include\debug.hpp">
      <Filter>Header Files</Filter>
    </ClInclude>
    <ClInclude Include="include\drawable.hpp">
      <Filter>Header Files</Filter>
    </ClInclude>
    <ClInclude Include="include\emission_system.hpp">
      <Filter>Header Files</Filter>
    </ClInclude>
    <ClInclude Include="include\emitter.hpp">
      <Filter>Header Files</Filter>
    </ClInclude>
    <ClInclude Include="include\engine.hpp">
      <Filter>Header Files</Filter>
    </ClInclude>
    <ClInclude Include="include\engine_system.hpp">
      <Filter>Header Files</Filter>
    </ClInclude>
    <ClInclude Include="include\engine_system_manager.hpp">
      <Filter>Header Files</Filter>
    </ClInclude>
    <ClInclude Include="include\entity.hpp">
      <Filter>Header Files</Filter>
    </ClInclude>
    <ClInclude Include="include\event.hpp">
      <Filter>Header Files</Filter>
    </ClInclude>
    <ClInclude Include="include\event_func.hpp">
      <Filter>Header Files</Filter>
    </ClInclude>
    <ClInclude Include="include\fixed.hpp">
      <Filter>Header Files</Filter>
    </ClInclude>
    <ClInclude Include="include\function.hpp">
      <Filter>Header Files</Filter>
    </ClInclude>
    <ClInclude Include="include\graph.hpp">
      <Filter>Header Files</Filter>
    </ClInclude>
    <ClInclude Include="include\graph_point.hpp">
      <Filter>Header Files</Filter>
    </ClInclude>
    <ClInclude Include="include\graphics.hpp">
      <Filter>Header Files</Filter>
    </ClInclude>
    <ClInclude Include="include\gui.hpp">
      <Filter>Header Files</Filter>
    </ClInclude>
    <ClInclude Include="include\gui_drawable.hpp">
      <Filter>Header Files</Filter>
    </ClInclude>
    <ClInclude Include="include\input.hpp">
      <Filter>Header Files</Filter>
    </ClInclude>
    <ClInclude Include="include\input_button.hpp">
      <Filter>Header Files</Filter>
    </ClInclude>
    <ClInclude Include="include\input_callback_context.hpp">
      <Filter>Header Files</Filter>
    </ClInclude>
    <ClInclude Include="include\input_event_group.hpp">
      <Filter>Header Files</Filter>
    </ClInclude>
    <ClInclude Include="include\input_system.hpp">
      <Filter>Header Files</Filter>
    </ClInclude>
    <ClInclude Include="include\instance.hpp">
      <Filter>Header Files</Filter>
    </ClInclude>
    <ClInclude Include="include\interpolatable.hpp">
      <Filter>Header Files</Filter>
    </ClInclude>
    <ClInclude Include="include\keyframe_data.hpp">
      <Filter>Header Files</Filter>
    </ClInclude>
    <ClInclude Include="include\layout.hpp">
      <Filter>Header Files</Filter>
    </ClInclude>
    <ClInclude Include="include\mask.hpp">
      <Filter>Header Files</Filter>
    </ClInclude>
    <ClInclude Include="include\material.hpp">
      <Filter>Header Files</Filter>
    </ClInclude>
    <ClInclude Include="include\material_settings.hpp">
      <Filter>Header Files</Filter>
    </ClInclude>
    <ClInclude Include="include\math.hpp">
      <Filter>Header Files</Filter>
    </ClInclude>
    <ClInclude Include="include\matrix.hpp">
      <Filter>Header Files</Filter>
    </ClInclude>
    <ClInclude Include="include\mesh.hpp">
      <Filter>Header Files</Filter>
    </ClInclude>
    <ClInclude Include="include\module.hpp">
      <Filter>Header Files</Filter>
    </ClInclude>
    <ClInclude Include="include\module_system.hpp">
      <Filter>Header Files</Filter>
    </ClInclude>
    <ClInclude Include="include\module_system_manager.hpp">
      <Filter>Header Files</Filter>
    </ClInclude>
    <ClInclude Include="include\optional.hpp">
      <Filter>Header Files</Filter>
    </ClInclude>
    <ClInclude Include="include\physics.hpp">
      <Filter>Header Files</Filter>
    </ClInclude>
    <ClInclude Include="include\physics_system.hpp">
      <Filter>Header Files</Filter>
    </ClInclude>
    <ClInclude Include="include\polygon.hpp">
      <Filter>Header Files</Filter>
    </ClInclude>
    <ClInclude Include="include\processor.hpp">
      <Filter>Header Files</Filter>
    </ClInclude>
    <ClInclude Include="include\project.hpp">
      <Filter>Header Files</Filter>
    </ClInclude>
    <ClInclude Include="include\properties.hpp">
      <Filter>Header Files</Filter>
    </ClInclude>
    <ClInclude Include="include\property.hpp">
      <Filter>Header Files</Filter>
    </ClInclude>
    <ClInclude Include="include\property_group.hpp">
      <Filter>Header Files</Filter>
    </ClInclude>
    <ClInclude Include="include\quaternion.hpp">
      <Filter>Header Files</Filter>
    </ClInclude>
    <ClInclude Include="include\random.hpp">
      <Filter>Header Files</Filter>
    </ClInclude>
    <ClInclude Include="include\randomly_generatable.hpp">
      <Filter>Header Files</Filter>
    </ClInclude>
    <ClInclude Include="include\range.hpp">
      <Filter>Header Files</Filter>
    </ClInclude>
    <ClInclude Include="include\receive_system.hpp">
      <Filter>Header Files</Filter>
    </ClInclude>
    <ClInclude Include="include\receiver.hpp">
      <Filter>Header Files</Filter>
    </ClInclude>
    <ClInclude Include="include\rect.hpp">
      <Filter>Header Files</Filter>
    </ClInclude>
    <ClInclude Include="include\ref.hpp">
      <Filter>Header Files</Filter>
    </ClInclude>
    <ClInclude Include="include\required.hpp">
      <Filter>Header Files</Filter>
    </ClInclude>
    <ClInclude Include="include\rigidbody.hpp">
      <Filter>Header Files</Filter>
    </ClInclude>
    <ClInclude Include="include\save_data.hpp">
      <Filter>Header Files</Filter>
    </ClInclude>
    <ClInclude Include="include\scene.hpp">
      <Filter>Header Files</Filter>
    </ClInclude>
    <ClInclude Include="include\scene_manager.hpp">
      <Filter>Header Files</Filter>
    </ClInclude>
    <ClInclude Include="include\send_system.hpp">
      <Filter>Header Files</Filter>
    </ClInclude>
    <ClInclude Include="include\sender.hpp">
      <Filter>Header Files</Filter>
    </ClInclude>
    <ClInclude Include="include\serializable.hpp">
      <Filter>Header Files</Filter>
    </ClInclude>
    <ClInclude Include="include\serialize.hpp">
      <Filter>Header Files</Filter>
    </ClInclude>
    <ClInclude Include="include\set_acceleration.hpp">
      <Filter>Header Files</Filter>
    </ClInclude>
    <ClInclude Include="include\set_velocity.hpp">
      <Filter>Header Files</Filter>
    </ClInclude>
    <ClInclude Include="include\shader.hpp">
      <Filter>Header Files</Filter>
    </ClInclude>
    <ClInclude Include="include\state_machine.hpp">
      <Filter>Header Files</Filter>
    </ClInclude>
    <ClInclude Include="include\state_machine_agent.hpp">
      <Filter>Header Files</Filter>
    </ClInclude>
    <ClInclude Include="include\state_machine_state.hpp">
      <Filter>Header Files</Filter>
    </ClInclude>
    <ClInclude Include="include\state_machine_system.hpp">
      <Filter>Header Files</Filter>
    </ClInclude>
    <ClInclude Include="include\state_machine_transition.hpp">
      <Filter>Header Files</Filter>
    </ClInclude>
    <ClInclude Include="include\structure.hpp">
      <Filter>Header Files</Filter>
    </ClInclude>
    <ClInclude Include="include\t.hpp">
      <Filter>Header Files</Filter>
    </ClInclude>
    <ClInclude Include="include\texture.hpp">
      <Filter>Header Files</Filter>
    </ClInclude>
    <ClInclude Include="include\tick.hpp">
      <Filter>Header Files</Filter>
    </ClInclude>
    <ClInclude Include="include\time.hpp">
      <Filter>Header Files</Filter>
    </ClInclude>
    <ClInclude Include="include\timer.hpp">
      <Filter>Header Files</Filter>
    </ClInclude>
    <ClInclude Include="include\timer_system.hpp">
      <Filter>Header Files</Filter>
    </ClInclude>
    <ClInclude Include="include\transform.hpp">
      <Filter>Header Files</Filter>
    </ClInclude>
    <ClInclude Include="include\transformer.hpp">
      <Filter>Header Files</Filter>
    </ClInclude>
    <ClInclude Include="include\type_templates.hpp">
      <Filter>Header Files</Filter>
    </ClInclude>
    <ClInclude Include="include\ui_element.hpp">
      <Filter>Header Files</Filter>
    </ClInclude>
    <ClInclude Include="include\ui_element_callback_context.hpp">
      <Filter>Header Files</Filter>
    </ClInclude>
    <ClInclude Include="include\ui_system.hpp">
      <Filter>Header Files</Filter>
    </ClInclude>
    <ClInclude Include="include\unique.hpp">
      <Filter>Header Files</Filter>
    </ClInclude>
    <ClInclude Include="include\val.hpp">
      <Filter>Header Files</Filter>
    </ClInclude>
    <ClInclude Include="include\variants.hpp">
      <Filter>Header Files</Filter>
    </ClInclude>
    <ClInclude Include="include\vector.hpp">
      <Filter>Header Files</Filter>
    </ClInclude>
    <ClInclude Include="include\window.hpp">
      <Filter>Header Files</Filter>
    </ClInclude>
    <ClInclude Include="include\window_manager.hpp">
      <Filter>Header Files</Filter>
    </ClInclude>
  </ItemGroup>
  <ItemGroup>
    <Library Include="dependencies\lib-vc2022\glfw3.lib" />
  </ItemGroup>
</Project>