<?xml version="1.0" encoding="utf-8"?>
<Project ToolsVersion="4.0" xmlns="http://schemas.microsoft.com/developer/msbuild/2003">
  <ItemGroup>
    <Filter Include="Source Files">
      <UniqueIdentifier>{4FC737F1-C7A5-4376-A066-2A32D752A2FF}</UniqueIdentifier>
      <Extensions>cpp;c;cc;cxx;c++;cppm;ixx;def;odl;idl;hpj;bat;asm;asmx</Extensions>
    </Filter>
    <Filter Include="Header Files">
      <UniqueIdentifier>{93995380-89BD-4b04-88EB-625FBE52EBFB}</UniqueIdentifier>
      <Extensions>h;hh;hpp;hxx;h++;hm;inl;inc;ipp;xsd</Extensions>
    </Filter>
    <Filter Include="Resource Files">
      <UniqueIdentifier>{67DA6AB6-F800-4c08-8B7A-83BB121AAD01}</UniqueIdentifier>
      <Extensions>rc;ico;cur;bmp;dlg;rc2;rct;bin;rgs;gif;jpg;jpeg;jpe;resx;tiff;tif;png;wav;mfcribbon-ms</Extensions>
    </Filter>
  </ItemGroup>
  <ItemGroup>
    <ClCompile Include="src\glad.cpp">
      <Filter>Source Files</Filter>
    </ClCompile>
    <ClCompile Include="src\main.cpp">
      <Filter>Source Files</Filter>
    </ClCompile>
    <ClCompile Include="src\stb.cpp">
      <Filter>Source Files</Filter>
    </ClCompile>
    <ClCompile Include="src\miscellaneous\engine.cpp">
      <Filter>Source Files</Filter>
    </ClCompile>
    <ClCompile Include="src\miscellaneous\system_manager.cpp">
      <Filter>Source Files</Filter>
    </ClCompile>
  </ItemGroup>
  <ItemGroup>
    <ClInclude Include="include\types\animation\animation.hpp">
      <Filter>Header Files</Filter>
    </ClInclude>
    <ClInclude Include="include\modules\appearance.hpp">
      <Filter>Header Files</Filter>
    </ClInclude>
    <ClInclude Include="include\types\audio\clip.hpp">
      <Filter>Header Files</Filter>
    </ClInclude>
    <ClInclude Include="include\callbacks\collision_callback_context.hpp">
      <Filter>Header Files</Filter>
    </ClInclude>
    <ClInclude Include="include\types\graphics\color.hpp">
      <Filter>Header Files</Filter>
    </ClInclude>
    <ClInclude Include="include\miscellaneous\drawable.hpp">
      <Filter>Header Files</Filter>
    </ClInclude>
    <ClInclude Include="include\modules\emitter.hpp">
      <Filter>Header Files</Filter>
    </ClInclude>
    <ClInclude Include="include\types\core\entity.hpp">
      <Filter>Header Files</Filter>
    </ClInclude>
    <ClInclude Include="include\types\events\event.hpp">
      <Filter>Header Files</Filter>
    </ClInclude>
    <ClInclude Include="include\types\events\event_func.hpp">
      <Filter>Header Files</Filter>
    </ClInclude>
    <ClInclude Include="include\types\math\fixed.hpp">
      <Filter>Header Files</Filter>
    </ClInclude>
    <ClInclude Include="include\interfaces\function.hpp">
      <Filter>Header Files</Filter>
    </ClInclude>
    <ClInclude Include="include\types\graphs\graph.hpp">
      <Filter>Header Files</Filter>
    </ClInclude>
    <ClInclude Include="include\types\graphs\graph_point.hpp">
      <Filter>Header Files</Filter>
    </ClInclude>
    <ClInclude Include="include\helpers\gui.hpp">
      <Filter>Header Files</Filter>
    </ClInclude>
    <ClInclude Include="include\interfaces\gui_drawable.hpp">
      <Filter>Header Files</Filter>
    </ClInclude>
    <ClInclude Include="include\modules\input.hpp">
      <Filter>Header Files</Filter>
    </ClInclude>
    <ClInclude Include="include\types\input\input_trigger.hpp">
      <Filter>Header Files</Filter>
    </ClInclude>
    <ClInclude Include="include\callbacks\input_callback_context.hpp">
      <Filter>Header Files</Filter>
    </ClInclude>
    <ClInclude Include="include\types\input\input_event_group.hpp">
      <Filter>Header Files</Filter>
    </ClInclude>
    <ClInclude Include="include\interfaces\interpolatable.hpp">
      <Filter>Header Files</Filter>
    </ClInclude>
    <ClInclude Include="include\types\animation\keyframe_data.hpp">
      <Filter>Header Files</Filter>
    </ClInclude>
    <ClInclude Include="include\modules\layout.hpp">
      <Filter>Header Files</Filter>
    </ClInclude>
    <ClInclude Include="include\types\miscellaneous\mask.hpp">
      <Filter>Header Files</Filter>
    </ClInclude>
    <ClInclude Include="include\types\graphics\material.hpp">
      <Filter>Header Files</Filter>
    </ClInclude>
    <ClInclude Include="include\types\graphics\material_settings.hpp">
      <Filter>Header Files</Filter>
    </ClInclude>
    <ClInclude Include="include\helpers\math.hpp">
      <Filter>Header Files</Filter>
    </ClInclude>
    <ClInclude Include="include\types\math\matrix.hpp">
      <Filter>Header Files</Filter>
    </ClInclude>
    <ClInclude Include="include\types\graphics\mesh.hpp">
      <Filter>Header Files</Filter>
    </ClInclude>
    <ClInclude Include="include\types\core\module.hpp">
      <Filter>Header Files</Filter>
    </ClInclude>
    <ClInclude Include="include\modules\physics.hpp">
      <Filter>Header Files</Filter>
    </ClInclude>
    <ClInclude Include="include\types\shapes\polygon.hpp">
      <Filter>Header Files</Filter>
    </ClInclude>
    <ClInclude Include="include\types\miscellaneous\processor.hpp">
      <Filter>Header Files</Filter>
    </ClInclude>
    <ClInclude Include="include\types\core\project.hpp">
      <Filter>Header Files</Filter>
    </ClInclude>
    <ClInclude Include="include\types\properties\property.hpp">
      <Filter>Header Files</Filter>
    </ClInclude>
    <ClInclude Include="include\types\properties\property_group.hpp">
      <Filter>Header Files</Filter>
    </ClInclude>
    <ClInclude Include="include\types\math\quaternion.hpp">
      <Filter>Header Files</Filter>
    </ClInclude>
    <ClInclude Include="include\interfaces\randomly_generatable.hpp">
      <Filter>Header Files</Filter>
    </ClInclude>
    <ClInclude Include="include\types\math\range.hpp">
      <Filter>Header Files</Filter>
    </ClInclude>
    <ClInclude Include="include\modules\receiver.hpp">
      <Filter>Header Files</Filter>
    </ClInclude>
    <ClInclude Include="include\miscellaneous\simulation_agent.hpp">
      <Filter>Header Files</Filter>
    </ClInclude>
    <ClInclude Include="include\types\core\scene.hpp">
      <Filter>Header Files</Filter>
    </ClInclude>
    <ClInclude Include="include\modules\sender.hpp">
      <Filter>Header Files</Filter>
    </ClInclude>
    <ClInclude Include="include\interfaces\serializable.hpp">
      <Filter>Header Files</Filter>
    </ClInclude>
    <ClInclude Include="include\types\graphics\shader.hpp">
      <Filter>Header Files</Filter>
    </ClInclude>
    <ClInclude Include="include\types\state machines\state_machine.hpp">
      <Filter>Header Files</Filter>
    </ClInclude>
    <ClInclude Include="include\modules\state_machine_resolver.hpp">
      <Filter>Header Files</Filter>
    </ClInclude>
    <ClInclude Include="include\types\state machines\state_machine_state.hpp">
      <Filter>Header Files</Filter>
    </ClInclude>
    <ClInclude Include="include\types\state machines\state_machine_transition.hpp">
      <Filter>Header Files</Filter>
    </ClInclude>
    <ClInclude Include="include\modules\structure.hpp">
      <Filter>Header Files</Filter>
    </ClInclude>
    <ClInclude Include="include\types\graphics\texture.hpp">
      <Filter>Header Files</Filter>
    </ClInclude>
    <ClInclude Include="include\miscellaneous\tick.hpp">
      <Filter>Header Files</Filter>
    </ClInclude>
    <ClInclude Include="include\modules\timer.hpp">
      <Filter>Header Files</Filter>
    </ClInclude>
    <ClInclude Include="include\types\math\transform.hpp">
      <Filter>Header Files</Filter>
    </ClInclude>
    <ClInclude Include="include\modules\transform.hpp">
      <Filter>Header Files</Filter>
    </ClInclude>
    <ClInclude Include="include\modules\ui_element.hpp">
      <Filter>Header Files</Filter>
    </ClInclude>
    <ClInclude Include="include\callbacks\ui_element_callback_context.hpp">
      <Filter>Header Files</Filter>
    </ClInclude>
    <ClInclude Include="include\interfaces\unique.hpp">
      <Filter>Header Files</Filter>
    </ClInclude>
    <ClInclude Include="include\types\miscellaneous\variants.hpp">
      <Filter>Header Files</Filter>
    </ClInclude>
    <ClInclude Include="include\types\math\vector.hpp">
      <Filter>Header Files</Filter>
    </ClInclude>
    <ClInclude Include="include\miscellaneous\window.hpp">
      <Filter>Header Files</Filter>
    </ClInclude>
    <ClInclude Include="include\types\events\event_statement.hpp">
      <Filter>Header Files</Filter>
    </ClInclude>
    <ClInclude Include="include\modules\modules.hpp">
      <Filter>Header Files</Filter>
    </ClInclude>
    <ClInclude Include="include\modules\node_group_resolver.hpp">
      <Filter>Header Files</Filter>
    </ClInclude>
    <ClInclude Include="include\systems\audio.hpp">
      <Filter>Header Files</Filter>
    </ClInclude>
    <ClInclude Include="include\systems\debug.hpp">
      <Filter>Header Files</Filter>
    </ClInclude>
    <ClInclude Include="include\miscellaneous\graphics.hpp">
      <Filter>Header Files</Filter>
    </ClInclude>
    <ClInclude Include="include\systems\input.hpp">
      <Filter>Header Files</Filter>
    </ClInclude>
    <ClInclude Include="include\systems\random.hpp">
      <Filter>Header Files</Filter>
    </ClInclude>
    <ClInclude Include="include\systems\scene.hpp">
      <Filter>Header Files</Filter>
    </ClInclude>
    <ClInclude Include="include\systems\simulation.hpp">
      <Filter>Header Files</Filter>
    </ClInclude>
    <ClInclude Include="include\miscellaneous\system_manager.hpp">
      <Filter>Header Files</Filter>
    </ClInclude>
    <ClInclude Include="include\systems\time.hpp">
      <Filter>Header Files</Filter>
    </ClInclude>
    <ClInclude Include="include\systems\window.hpp">
      <Filter>Header Files</Filter>
    </ClInclude>
    <ClInclude Include="include\types\nodes\node.hpp">
      <Filter>Header Files</Filter>
    </ClInclude>
    <ClInclude Include="include\types\nodes\node_group.hpp">
      <Filter>Header Files</Filter>
    </ClInclude>
    <ClInclude Include="include\systems\systems.hpp">
      <Filter>Header Files</Filter>
    </ClInclude>
    <ClInclude Include="include\miscellaneous\engine.hpp">
      <Filter>Header Files</Filter>
    </ClInclude>
    <ClInclude Include="include\miscellaneous\game.hpp">
      <Filter>Header Files</Filter>
    </ClInclude>
    <ClInclude Include="include\miscellaneous\math_defines.hpp">
      <Filter>Header Files</Filter>
    </ClInclude>
    <ClInclude Include="include\types\shapes\ellipse.hpp">
      <Filter>Header Files</Filter>
    </ClInclude>
    <ClInclude Include="include\types\shapes\rect.hpp">
      <Filter>Header Files</Filter>
    </ClInclude>
    <ClInclude Include="include\systems\save_data.hpp">
      <Filter>Header Files</Filter>
    </ClInclude>
    <ClInclude Include="include\wrappers\asset.hpp">
      <Filter>Header Files</Filter>
    </ClInclude>
    <ClInclude Include="include\wrappers\instance.hpp">
      <Filter>Header Files</Filter>
    </ClInclude>
    <ClInclude Include="include\wrappers\optional.hpp">
      <Filter>Header Files</Filter>
    </ClInclude>
    <ClInclude Include="include\wrappers\ref.hpp">
      <Filter>Header Files</Filter>
    </ClInclude>
    <ClInclude Include="include\wrappers\required.hpp">
      <Filter>Header Files</Filter>
    </ClInclude>
    <ClInclude Include="include\wrappers\type.hpp">
      <Filter>Header Files</Filter>
    </ClInclude>
    <ClInclude Include="include\wrappers\val.hpp">
      <Filter>Header Files</Filter>
    </ClInclude>
    <ClInclude Include="include\wrappers\wrappers.hpp">
      <Filter>Header Files</Filter>
    </ClInclude>
    <ClInclude Include="include\miscellaneous\graphics_agent.hpp">
      <Filter>Header Files</Filter>
    </ClInclude>
    <ClInclude Include="include\systems\graphics.hpp">
      <Filter>Header Files</Filter>
    </ClInclude>
    <ClInclude Include="include\types\core\system.hpp">
      <Filter>Header Files</Filter>
    </ClInclude>
    <ClInclude Include="include\miscellaneous\functions.hpp">
      <Filter>Header Files</Filter>
    </ClInclude>
  </ItemGroup>
  <ItemGroup>
    <Library Include="dependencies\lib-vc2022\glfw3.lib" />
  </ItemGroup>
  <ItemGroup>
    <None Include=".gitignore" />
    <None Include="lib\cereal-1.3.2\doc\footer.html" />
    <None Include="lib\cereal-1.3.2\include\cereal\external\rapidxml\manual.html" />
    <None Include="lib\glm\detail\func_common.inl">
      <Filter>Header Files</Filter>
    </None>
    <None Include="lib\glm\detail\func_common_simd.inl">
      <Filter>Header Files</Filter>
    </None>
    <None Include="lib\glm\detail\func_exponential.inl">
      <Filter>Header Files</Filter>
    </None>
    <None Include="lib\glm\detail\func_exponential_simd.inl">
      <Filter>Header Files</Filter>
    </None>
    <None Include="lib\glm\detail\func_geometric.inl">
      <Filter>Header Files</Filter>
    </None>
    <None Include="lib\glm\detail\func_geometric_simd.inl">
      <Filter>Header Files</Filter>
    </None>
    <None Include="lib\glm\detail\func_integer.inl">
      <Filter>Header Files</Filter>
    </None>
    <None Include="lib\glm\detail\func_integer_simd.inl">
      <Filter>Header Files</Filter>
    </None>
    <None Include="lib\glm\detail\func_matrix.inl">
      <Filter>Header Files</Filter>
    </None>
    <None Include="lib\glm\detail\func_matrix_simd.inl">
      <Filter>Header Files</Filter>
    </None>
    <None Include="lib\glm\detail\func_packing.inl">
      <Filter>Header Files</Filter>
    </None>
    <None Include="lib\glm\detail\func_packing_simd.inl">
      <Filter>Header Files</Filter>
    </None>
    <None Include="lib\glm\detail\func_trigonometric.inl">
      <Filter>Header Files</Filter>
    </None>
    <None Include="lib\glm\detail\func_trigonometric_simd.inl">
      <Filter>Header Files</Filter>
    </None>
    <None Include="lib\glm\detail\func_vector_relational.inl">
      <Filter>Header Files</Filter>
    </None>
    <None Include="lib\glm\detail\func_vector_relational_simd.inl">
      <Filter>Header Files</Filter>
    </None>
    <None Include="lib\glm\detail\type_half.inl">
      <Filter>Header Files</Filter>
    </None>
    <None Include="lib\glm\detail\type_mat2x2.inl">
      <Filter>Header Files</Filter>
    </None>
    <None Include="lib\glm\detail\type_mat2x3.inl">
      <Filter>Header Files</Filter>
    </None>
    <None Include="lib\glm\detail\type_mat2x4.inl">
      <Filter>Header Files</Filter>
    </None>
    <None Include="lib\glm\detail\type_mat3x2.inl">
      <Filter>Header Files</Filter>
    </None>
    <None Include="lib\glm\detail\type_mat3x3.inl">
      <Filter>Header Files</Filter>
    </None>
    <None Include="lib\glm\detail\type_mat3x4.inl">
      <Filter>Header Files</Filter>
    </None>
    <None Include="lib\glm\detail\type_mat4x2.inl">
      <Filter>Header Files</Filter>
    </None>
    <None Include="lib\glm\detail\type_mat4x3.inl">
      <Filter>Header Files</Filter>
    </None>
    <None Include="lib\glm\detail\type_mat4x4.inl">
      <Filter>Header Files</Filter>
    </None>
    <None Include="lib\glm\detail\type_mat4x4_simd.inl">
      <Filter>Header Files</Filter>
    </None>
    <None Include="lib\glm\detail\type_quat.inl">
      <Filter>Header Files</Filter>
    </None>
    <None Include="lib\glm\detail\type_quat_simd.inl">
      <Filter>Header Files</Filter>
    </None>
    <None Include="lib\glm\detail\type_vec1.inl">
      <Filter>Header Files</Filter>
    </None>
    <None Include="lib\glm\detail\type_vec2.inl">
      <Filter>Header Files</Filter>
    </None>
    <None Include="lib\glm\detail\type_vec3.inl">
      <Filter>Header Files</Filter>
    </None>
    <None Include="lib\glm\detail\type_vec4.inl">
      <Filter>Header Files</Filter>
    </None>
    <None Include="lib\glm\detail\type_vec4_simd.inl">
      <Filter>Header Files</Filter>
    </None>
    <None Include="lib\glm\ext\matrix_clip_space.inl">
      <Filter>Header Files</Filter>
    </None>
    <None Include="lib\glm\ext\matrix_common.inl">
      <Filter>Header Files</Filter>
    </None>
    <None Include="lib\glm\ext\matrix_projection.inl">
      <Filter>Header Files</Filter>
    </None>
    <None Include="lib\glm\ext\matrix_relational.inl">
      <Filter>Header Files</Filter>
    </None>
    <None Include="lib\glm\ext\matrix_transform.inl">
      <Filter>Header Files</Filter>
    </None>
    <None Include="lib\glm\ext\quaternion_common.inl">
      <Filter>Header Files</Filter>
    </None>
    <None Include="lib\glm\ext\quaternion_common_simd.inl">
      <Filter>Header Files</Filter>
    </None>
    <None Include="lib\glm\ext\quaternion_exponential.inl">
      <Filter>Header Files</Filter>
    </None>
    <None Include="lib\glm\ext\quaternion_geometric.inl">
      <Filter>Header Files</Filter>
    </None>
    <None Include="lib\glm\ext\quaternion_relational.inl">
      <Filter>Header Files</Filter>
    </None>
    <None Include="lib\glm\ext\quaternion_transform.inl">
      <Filter>Header Files</Filter>
    </None>
    <None Include="lib\glm\ext\quaternion_trigonometric.inl">
      <Filter>Header Files</Filter>
    </None>
    <None Include="lib\glm\ext\scalar_common.inl">
      <Filter>Header Files</Filter>
    </None>
    <None Include="lib\glm\ext\scalar_constants.inl">
      <Filter>Header Files</Filter>
    </None>
    <None Include="lib\glm\ext\scalar_integer.inl">
      <Filter>Header Files</Filter>
    </None>
    <None Include="lib\glm\ext\scalar_relational.inl">
      <Filter>Header Files</Filter>
    </None>
    <None Include="lib\glm\ext\scalar_ulp.inl">
      <Filter>Header Files</Filter>
    </None>
    <None Include="lib\glm\ext\vector_common.inl">
      <Filter>Header Files</Filter>
    </None>
    <None Include="lib\glm\ext\vector_integer.inl">
      <Filter>Header Files</Filter>
    </None>
    <None Include="lib\glm\ext\vector_relational.inl">
      <Filter>Header Files</Filter>
    </None>
    <None Include="lib\glm\ext\vector_ulp.inl">
      <Filter>Header Files</Filter>
    </None>
    <None Include="lib\glm\gtc\bitfield.inl">
      <Filter>Header Files</Filter>
    </None>
    <None Include="lib\glm\gtc\color_space.inl">
      <Filter>Header Files</Filter>
    </None>
    <None Include="lib\glm\gtc\constants.inl">
      <Filter>Header Files</Filter>
    </None>
    <None Include="lib\glm\gtc\epsilon.inl">
      <Filter>Header Files</Filter>
    </None>
    <None Include="lib\glm\gtc\integer.inl">
      <Filter>Header Files</Filter>
    </None>
    <None Include="lib\glm\gtc\matrix_access.inl">
      <Filter>Header Files</Filter>
    </None>
    <None Include="lib\glm\gtc\matrix_inverse.inl">
      <Filter>Header Files</Filter>
    </None>
    <None Include="lib\glm\gtc\matrix_transform.inl">
      <Filter>Header Files</Filter>
    </None>
    <None Include="lib\glm\gtc\noise.inl">
      <Filter>Header Files</Filter>
    </None>
    <None Include="lib\glm\gtc\packing.inl">
      <Filter>Header Files</Filter>
    </None>
    <None Include="lib\glm\gtc\quaternion.inl">
      <Filter>Header Files</Filter>
    </None>
    <None Include="lib\glm\gtc\quaternion_simd.inl">
      <Filter>Header Files</Filter>
    </None>
    <None Include="lib\glm\gtc\random.inl">
      <Filter>Header Files</Filter>
    </None>
    <None Include="lib\glm\gtc\reciprocal.inl">
      <Filter>Header Files</Filter>
    </None>
    <None Include="lib\glm\gtc\round.inl">
      <Filter>Header Files</Filter>
    </None>
    <None Include="lib\glm\gtc\type_precision.inl">
      <Filter>Header Files</Filter>
    </None>
    <None Include="lib\glm\gtc\type_ptr.inl">
      <Filter>Header Files</Filter>
    </None>
    <None Include="lib\glm\gtc\ulp.inl">
      <Filter>Header Files</Filter>
    </None>
    <None Include="lib\glm\gtx\associated_min_max.inl">
      <Filter>Header Files</Filter>
    </None>
    <None Include="lib\glm\gtx\bit.inl">
      <Filter>Header Files</Filter>
    </None>
    <None Include="lib\glm\gtx\closest_point.inl">
      <Filter>Header Files</Filter>
    </None>
    <None Include="lib\glm\gtx\color_encoding.inl">
      <Filter>Header Files</Filter>
    </None>
    <None Include="lib\glm\gtx\color_space.inl">
      <Filter>Header Files</Filter>
    </None>
    <None Include="lib\glm\gtx\color_space_YCoCg.inl">
      <Filter>Header Files</Filter>
    </None>
    <None Include="lib\glm\gtx\common.inl">
      <Filter>Header Files</Filter>
    </None>
    <None Include="lib\glm\gtx\compatibility.inl">
      <Filter>Header Files</Filter>
    </None>
    <None Include="lib\glm\gtx\component_wise.inl">
      <Filter>Header Files</Filter>
    </None>
    <None Include="lib\glm\gtx\dual_quaternion.inl">
      <Filter>Header Files</Filter>
    </None>
    <None Include="lib\glm\gtx\easing.inl">
      <Filter>Header Files</Filter>
    </None>
    <None Include="lib\glm\gtx\euler_angles.inl">
      <Filter>Header Files</Filter>
    </None>
    <None Include="lib\glm\gtx\extend.inl">
      <Filter>Header Files</Filter>
    </None>
    <None Include="lib\glm\gtx\extended_min_max.inl">
      <Filter>Header Files</Filter>
    </None>
    <None Include="lib\glm\gtx\exterior_product.inl">
      <Filter>Header Files</Filter>
    </None>
    <None Include="lib\glm\gtx\fast_exponential.inl">
      <Filter>Header Files</Filter>
    </None>
    <None Include="lib\glm\gtx\fast_square_root.inl">
      <Filter>Header Files</Filter>
    </None>
    <None Include="lib\glm\gtx\fast_trigonometry.inl">
      <Filter>Header Files</Filter>
    </None>
    <None Include="lib\glm\gtx\float_notmalize.inl">
      <Filter>Header Files</Filter>
    </None>
    <None Include="lib\glm\gtx\functions.inl">
      <Filter>Header Files</Filter>
    </None>
    <None Include="lib\glm\gtx\gradient_paint.inl">
      <Filter>Header Files</Filter>
    </None>
    <None Include="lib\glm\gtx\handed_coordinate_space.inl">
      <Filter>Header Files</Filter>
    </None>
    <None Include="lib\glm\gtx\hash.inl">
      <Filter>Header Files</Filter>
    </None>
    <None Include="lib\glm\gtx\integer.inl">
      <Filter>Header Files</Filter>
    </None>
    <None Include="lib\glm\gtx\intersect.inl">
      <Filter>Header Files</Filter>
    </None>
    <None Include="lib\glm\gtx\io.inl">
      <Filter>Header Files</Filter>
    </None>
    <None Include="lib\glm\gtx\log_base.inl">
      <Filter>Header Files</Filter>
    </None>
    <None Include="lib\glm\gtx\matrix_cross_product.inl">
      <Filter>Header Files</Filter>
    </None>
    <None Include="lib\glm\gtx\matrix_decompose.inl">
      <Filter>Header Files</Filter>
    </None>
    <None Include="lib\glm\gtx\matrix_factorisation.inl">
      <Filter>Header Files</Filter>
    </None>
    <None Include="lib\glm\gtx\matrix_interpolation.inl">
      <Filter>Header Files</Filter>
    </None>
    <None Include="lib\glm\gtx\matrix_major_storage.inl">
      <Filter>Header Files</Filter>
    </None>
    <None Include="lib\glm\gtx\matrix_operation.inl">
      <Filter>Header Files</Filter>
    </None>
    <None Include="lib\glm\gtx\matrix_query.inl">
      <Filter>Header Files</Filter>
    </None>
    <None Include="lib\glm\gtx\matrix_transform_2d.inl">
      <Filter>Header Files</Filter>
    </None>
    <None Include="lib\glm\gtx\mixed_product.inl">
      <Filter>Header Files</Filter>
    </None>
    <None Include="lib\glm\gtx\norm.inl">
      <Filter>Header Files</Filter>
    </None>
    <None Include="lib\glm\gtx\normal.inl">
      <Filter>Header Files</Filter>
    </None>
    <None Include="lib\glm\gtx\normalize_dot.inl">
      <Filter>Header Files</Filter>
    </None>
    <None Include="lib\glm\gtx\number_precision.inl">
      <Filter>Header Files</Filter>
    </None>
    <None Include="lib\glm\gtx\optimum_pow.inl">
      <Filter>Header Files</Filter>
    </None>
    <None Include="lib\glm\gtx\orthonormalize.inl">
      <Filter>Header Files</Filter>
    </None>
    <None Include="lib\glm\gtx\perpendicular.inl">
      <Filter>Header Files</Filter>
    </None>
    <None Include="lib\glm\gtx\polar_coordinates.inl">
      <Filter>Header Files</Filter>
    </None>
    <None Include="lib\glm\gtx\projection.inl">
      <Filter>Header Files</Filter>
    </None>
    <None Include="lib\glm\gtx\quaternion.inl">
      <Filter>Header Files</Filter>
    </None>
    <None Include="lib\glm\gtx\raw_data.inl">
      <Filter>Header Files</Filter>
    </None>
    <None Include="lib\glm\gtx\rotate_normalized_axis.inl">
      <Filter>Header Files</Filter>
    </None>
    <None Include="lib\glm\gtx\rotate_vector.inl">
      <Filter>Header Files</Filter>
    </None>
    <None Include="lib\glm\gtx\scalar_relational.inl">
      <Filter>Header Files</Filter>
    </None>
    <None Include="lib\glm\gtx\spline.inl">
      <Filter>Header Files</Filter>
    </None>
    <None Include="lib\glm\gtx\std_based_type.inl">
      <Filter>Header Files</Filter>
    </None>
    <None Include="lib\glm\gtx\string_cast.inl">
      <Filter>Header Files</Filter>
    </None>
    <None Include="lib\glm\gtx\texture.inl">
      <Filter>Header Files</Filter>
    </None>
    <None Include="lib\glm\gtx\transform.inl">
      <Filter>Header Files</Filter>
    </None>
    <None Include="lib\glm\gtx\transform2.inl">
      <Filter>Header Files</Filter>
    </None>
    <None Include="lib\glm\gtx\type_aligned.inl">
      <Filter>Header Files</Filter>
    </None>
    <None Include="lib\glm\gtx\type_trait.inl">
      <Filter>Header Files</Filter>
    </None>
    <None Include="lib\glm\gtx\vector_angle.inl">
      <Filter>Header Files</Filter>
    </None>
    <None Include="lib\glm\gtx\vector_query.inl">
      <Filter>Header Files</Filter>
    </None>
    <None Include="lib\glm\gtx\wrap.inl">
      <Filter>Header Files</Filter>
    </None>
  </ItemGroup>
</Project>