<?xml version="1.0" encoding="utf-8"?>
<Project ToolsVersion="4.0" xmlns="http://schemas.microsoft.com/developer/msbuild/2003">
  <ItemGroup>
    <Filter Include="Source Files">
      <UniqueIdentifier>{4FC737F1-C7A5-4376-A066-2A32D752A2FF}</UniqueIdentifier>
      <Extensions>cpp;c;cc;cxx;c++;cppm;ixx;def;odl;idl;hpj;bat;asm;asmx</Extensions>
    </Filter>
    <Filter Include="Header Files">
      <UniqueIdentifier>{93995380-89BD-4b04-88EB-625FBE52EBFB}</UniqueIdentifier>
      <Extensions>h;hh;hpp;hxx;h++;hm;inl;inc;ipp;xsd</Extensions>
    </Filter>
    <Filter Include="Resource Files">
      <UniqueIdentifier>{67DA6AB6-F800-4c08-8B7A-83BB121AAD01}</UniqueIdentifier>
      <Extensions>rc;ico;cur;bmp;dlg;rc2;rct;bin;rgs;gif;jpg;jpeg;jpe;resx;tiff;tif;png;wav;mfcribbon-ms</Extensions>
    </Filter>
  </ItemGroup>
  <ItemGroup>
    <ClCompile Include="DLS.cpp">
      <Filter>Source Files</Filter>
    </ClCompile>
    <ClCompile Include="src\game.cpp">
      <Filter>Source Files</Filter>
    </ClCompile>
    <ClCompile Include="src\glad.cpp">
      <Filter>Source Files</Filter>
    </ClCompile>
    <ClCompile Include="src\stb.cpp">
      <Filter>Source Files</Filter>
    </ClCompile>
    <ClCompile Include="src\types\core\window.cpp">
      <Filter>Source Files</Filter>
    </ClCompile>
  </ItemGroup>
  <ItemGroup>
    <ClInclude Include="include\helpers\gui.hpp">
      <Filter>Header Files</Filter>
    </ClInclude>
    <ClInclude Include="include\helpers\math.hpp">
      <Filter>Header Files</Filter>
    </ClInclude>
    <ClInclude Include="include\interfaces\function.hpp">
      <Filter>Header Files</Filter>
    </ClInclude>
    <ClInclude Include="include\interfaces\gui_drawable.hpp">
      <Filter>Header Files</Filter>
    </ClInclude>
    <ClInclude Include="include\interfaces\interpolatable.hpp">
      <Filter>Header Files</Filter>
    </ClInclude>
    <ClInclude Include="include\interfaces\randomly_generatable.hpp">
      <Filter>Header Files</Filter>
    </ClInclude>
    <ClInclude Include="include\interfaces\serializable.hpp">
      <Filter>Header Files</Filter>
    </ClInclude>
    <ClInclude Include="include\interfaces\unique.hpp">
      <Filter>Header Files</Filter>
    </ClInclude>
    <ClInclude Include="include\interfaces\systems\on_entity_despawn.hpp">
      <Filter>Header Files</Filter>
    </ClInclude>
    <ClInclude Include="include\interfaces\systems\on_entity_spawn.hpp">
      <Filter>Header Files</Filter>
    </ClInclude>
    <ClInclude Include="include\interfaces\systems\on_scene_load.hpp">
      <Filter>Header Files</Filter>
    </ClInclude>
    <ClInclude Include="include\interfaces\systems\on_scene_unload.hpp">
      <Filter>Header Files</Filter>
    </ClInclude>
    <ClInclude Include="include\miscellaneous\game.hpp">
      <Filter>Header Files</Filter>
    </ClInclude>
    <ClInclude Include="include\miscellaneous\param_ref.hpp">
      <Filter>Header Files</Filter>
    </ClInclude>
    <ClInclude Include="include\miscellaneous\tick.hpp">
      <Filter>Header Files</Filter>
    </ClInclude>
    <ClInclude Include="include\modules\appearance.hpp">
      <Filter>Header Files</Filter>
    </ClInclude>
    <ClInclude Include="include\modules\emitter.hpp">
      <Filter>Header Files</Filter>
    </ClInclude>
    <ClInclude Include="include\modules\input.hpp">
      <Filter>Header Files</Filter>
    </ClInclude>
    <ClInclude Include="include\modules\layout.hpp">
      <Filter>Header Files</Filter>
    </ClInclude>
    <ClInclude Include="include\modules\receiver.hpp">
      <Filter>Header Files</Filter>
    </ClInclude>
    <ClInclude Include="include\modules\resolver.hpp">
      <Filter>Header Files</Filter>
    </ClInclude>
    <ClInclude Include="include\modules\sender.hpp">
      <Filter>Header Files</Filter>
    </ClInclude>
    <ClInclude Include="include\modules\simulation.hpp">
      <Filter>Header Files</Filter>
    </ClInclude>
    <ClInclude Include="include\modules\timer.hpp">
      <Filter>Header Files</Filter>
    </ClInclude>
    <ClInclude Include="include\modules\transform.hpp">
      <Filter>Header Files</Filter>
    </ClInclude>
    <ClInclude Include="include\modules\ui_element.hpp">
      <Filter>Header Files</Filter>
    </ClInclude>
    <ClInclude Include="include\systems\audio.hpp">
      <Filter>Header Files</Filter>
    </ClInclude>
    <ClInclude Include="include\systems\debug.hpp">
      <Filter>Header Files</Filter>
    </ClInclude>
    <ClInclude Include="include\systems\graphics.hpp">
      <Filter>Header Files</Filter>
    </ClInclude>
    <ClInclude Include="include\systems\input.hpp">
      <Filter>Header Files</Filter>
    </ClInclude>
    <ClInclude Include="include\systems\network.hpp">
      <Filter>Header Files</Filter>
    </ClInclude>
    <ClInclude Include="include\systems\random.hpp">
      <Filter>Header Files</Filter>
    </ClInclude>
    <ClInclude Include="include\systems\receive.hpp">
      <Filter>Header Files</Filter>
    </ClInclude>
    <ClInclude Include="include\systems\save_data.hpp">
      <Filter>Header Files</Filter>
    </ClInclude>
    <ClInclude Include="include\systems\simulation.hpp">
      <Filter>Header Files</Filter>
    </ClInclude>
    <ClInclude Include="include\systems\time.hpp">
      <Filter>Header Files</Filter>
    </ClInclude>
    <ClInclude Include="include\wrappers\asset.hpp">
      <Filter>Header Files</Filter>
    </ClInclude>
    <ClInclude Include="include\wrappers\instance.hpp">
      <Filter>Header Files</Filter>
    </ClInclude>
    <ClInclude Include="include\wrappers\ref.hpp">
      <Filter>Header Files</Filter>
    </ClInclude>
    <ClInclude Include="include\wrappers\template.hpp">
      <Filter>Header Files</Filter>
    </ClInclude>
    <ClInclude Include="include\wrappers\type.hpp">
      <Filter>Header Files</Filter>
    </ClInclude>
    <ClInclude Include="include\wrappers\val.hpp">
      <Filter>Header Files</Filter>
    </ClInclude>
    <ClInclude Include="include\types\audio\clip.hpp">
      <Filter>Header Files</Filter>
    </ClInclude>
    <ClInclude Include="include\types\collections\array.hpp">
      <Filter>Header Files</Filter>
    </ClInclude>
    <ClInclude Include="include\types\collections\list.hpp">
      <Filter>Header Files</Filter>
    </ClInclude>
    <ClInclude Include="include\types\collections\map.hpp">
      <Filter>Header Files</Filter>
    </ClInclude>
    <ClInclude Include="include\types\collections\queue.hpp">
      <Filter>Header Files</Filter>
    </ClInclude>
    <ClInclude Include="include\types\collections\stack.hpp">
      <Filter>Header Files</Filter>
    </ClInclude>
    <ClInclude Include="include\types\collections\tree.hpp">
      <Filter>Header Files</Filter>
    </ClInclude>
    <ClInclude Include="include\types\collections\tuple.hpp">
      <Filter>Header Files</Filter>
    </ClInclude>
    <ClInclude Include="include\types\core\entity.hpp">
      <Filter>Header Files</Filter>
    </ClInclude>
    <ClInclude Include="include\types\core\module.hpp">
      <Filter>Header Files</Filter>
    </ClInclude>
    <ClInclude Include="include\types\core\project.hpp">
      <Filter>Header Files</Filter>
    </ClInclude>
    <ClInclude Include="include\types\core\scene.hpp">
      <Filter>Header Files</Filter>
    </ClInclude>
    <ClInclude Include="include\types\core\system.hpp">
      <Filter>Header Files</Filter>
    </ClInclude>
    <ClInclude Include="include\types\core\window.hpp">
      <Filter>Header Files</Filter>
    </ClInclude>
    <ClInclude Include="include\types\events\event.hpp">
      <Filter>Header Files</Filter>
    </ClInclude>
    <ClInclude Include="include\types\events\statement.hpp">
      <Filter>Header Files</Filter>
    </ClInclude>
    <ClInclude Include="include\types\graphics\color.hpp">
      <Filter>Header Files</Filter>
    </ClInclude>
    <ClInclude Include="include\types\graphics\material.hpp">
      <Filter>Header Files</Filter>
    </ClInclude>
    <ClInclude Include="include\types\graphics\mesh.hpp">
      <Filter>Header Files</Filter>
    </ClInclude>
    <ClInclude Include="include\types\graphics\shader.hpp">
      <Filter>Header Files</Filter>
    </ClInclude>
    <ClInclude Include="include\types\graphics\texture.hpp">
      <Filter>Header Files</Filter>
    </ClInclude>
    <ClInclude Include="include\types\graphs\graph.hpp">
      <Filter>Header Files</Filter>
    </ClInclude>
    <ClInclude Include="include\types\graphs\point.hpp">
      <Filter>Header Files</Filter>
    </ClInclude>
    <ClInclude Include="include\types\input\input_trigger.hpp">
      <Filter>Header Files</Filter>
    </ClInclude>
    <ClInclude Include="include\types\math\decimal.hpp">
      <Filter>Header Files</Filter>
    </ClInclude>
    <ClInclude Include="include\types\math\integer.hpp">
      <Filter>Header Files</Filter>
    </ClInclude>
    <ClInclude Include="include\types\math\line.hpp">
      <Filter>Header Files</Filter>
    </ClInclude>
    <ClInclude Include="include\types\math\matrix.hpp">
      <Filter>Header Files</Filter>
    </ClInclude>
    <ClInclude Include="include\types\math\plane.hpp">
      <Filter>Header Files</Filter>
    </ClInclude>
    <ClInclude Include="include\types\math\quaternion.hpp">
      <Filter>Header Files</Filter>
    </ClInclude>
    <ClInclude Include="include\types\math\range.hpp">
      <Filter>Header Files</Filter>
    </ClInclude>
    <ClInclude Include="include\types\math\tensor.hpp">
      <Filter>Header Files</Filter>
    </ClInclude>
    <ClInclude Include="include\types\math\transformation.hpp">
      <Filter>Header Files</Filter>
    </ClInclude>
    <ClInclude Include="include\types\math\vector.hpp">
      <Filter>Header Files</Filter>
    </ClInclude>
    <ClInclude Include="include\types\miscellaneous\boolean.hpp">
      <Filter>Header Files</Filter>
    </ClInclude>
    <ClInclude Include="include\types\miscellaneous\dropdown.hpp">
      <Filter>Header Files</Filter>
    </ClInclude>
    <ClInclude Include="include\types\miscellaneous\mask.hpp">
      <Filter>Header Files</Filter>
    </ClInclude>
    <ClInclude Include="include\types\miscellaneous\processor.hpp">
      <Filter>Header Files</Filter>
    </ClInclude>
    <ClInclude Include="include\types\miscellaneous\text.hpp">
      <Filter>Header Files</Filter>
    </ClInclude>
    <ClInclude Include="include\types\miscellaneous\type.hpp">
      <Filter>Header Files</Filter>
    </ClInclude>
    <ClInclude Include="include\types\miscellaneous\variant.hpp">
      <Filter>Header Files</Filter>
    </ClInclude>
    <ClInclude Include="include\types\node groups\node.hpp">
      <Filter>Header Files</Filter>
    </ClInclude>
    <ClInclude Include="include\types\node groups\node_group.hpp">
      <Filter>Header Files</Filter>
    </ClInclude>
    <ClInclude Include="include\types\physics\wave.hpp">
      <Filter>Header Files</Filter>
    </ClInclude>
    <ClInclude Include="include\types\properties\property.hpp">
      <Filter>Header Files</Filter>
    </ClInclude>
    <ClInclude Include="include\types\properties\property_group.hpp">
      <Filter>Header Files</Filter>
    </ClInclude>
    <ClInclude Include="include\types\shapes\bounds.hpp">
      <Filter>Header Files</Filter>
    </ClInclude>
    <ClInclude Include="include\types\shapes\shape.hpp">
      <Filter>Header Files</Filter>
    </ClInclude>
    <ClInclude Include="include\types\state machines\state.hpp">
      <Filter>Header Files</Filter>
    </ClInclude>
    <ClInclude Include="include\types\state machines\state_machine.hpp">
      <Filter>Header Files</Filter>
    </ClInclude>
    <ClInclude Include="include\types\state machines\transition.hpp">
      <Filter>Header Files</Filter>
    </ClInclude>
    <ClInclude Include="include\types\time\date.hpp">
      <Filter>Header Files</Filter>
    </ClInclude>
    <ClInclude Include="include\types\time\duration.hpp">
      <Filter>Header Files</Filter>
    </ClInclude>
    <ClInclude Include="include\types\time\time.hpp">
      <Filter>Header Files</Filter>
    </ClInclude>
    <ClInclude Include="include\types\miscellaneous\any.hpp">
      <Filter>Header Files</Filter>
    </ClInclude>
  </ItemGroup>
</Project>