<?xml version="1.0" encoding="utf-8"?>
<Project ToolsVersion="4.0" xmlns="http://schemas.microsoft.com/developer/msbuild/2003">
  <ItemGroup>
    <Filter Include="Source Files">
      <UniqueIdentifier>{4FC737F1-C7A5-4376-A066-2A32D752A2FF}</UniqueIdentifier>
      <Extensions>cpp;c;cc;cxx;c++;cppm;ixx;def;odl;idl;hpj;bat;asm;asmx</Extensions>
    </Filter>
    <Filter Include="Header Files">
      <UniqueIdentifier>{93995380-89BD-4b04-88EB-625FBE52EBFB}</UniqueIdentifier>
      <Extensions>h;hh;hpp;hxx;h++;hm;inl;inc;ipp;xsd</Extensions>
    </Filter>
    <Filter Include="Resource Files">
      <UniqueIdentifier>{67DA6AB6-F800-4c08-8B7A-83BB121AAD01}</UniqueIdentifier>
      <Extensions>rc;ico;cur;bmp;dlg;rc2;rct;bin;rgs;gif;jpg;jpeg;jpe;resx;tiff;tif;png;wav;mfcribbon-ms</Extensions>
    </Filter>
    <Filter Include="Header Files\Engine Systems">
      <UniqueIdentifier>{e08dd610-3393-4355-aa07-56e47ee4f7e2}</UniqueIdentifier>
    </Filter>
    <Filter Include="Header Files\Module Systems">
      <UniqueIdentifier>{cac33e05-9ebd-414d-9bdf-80b0be2812f9}</UniqueIdentifier>
    </Filter>
    <Filter Include="Header Files\Helpers">
      <UniqueIdentifier>{7e3d6f3e-8cc6-4d55-862f-1931d62a8f8f}</UniqueIdentifier>
    </Filter>
    <Filter Include="Header Files\Modules">
      <UniqueIdentifier>{a6cc28fe-dea1-4e2d-9665-85648257f767}</UniqueIdentifier>
    </Filter>
    <Filter Include="Header Files\Types">
      <UniqueIdentifier>{a69ee362-f29d-4957-bb5d-49c6275e5fd7}</UniqueIdentifier>
    </Filter>
    <Filter Include="Header Files\Interfaces">
      <UniqueIdentifier>{8745cfeb-5745-4e4b-a1db-301b048e50fc}</UniqueIdentifier>
    </Filter>
    <Filter Include="Header Files\Type Templates">
      <UniqueIdentifier>{3b08d2c6-ceaf-46e5-8381-5cdef4fa3488}</UniqueIdentifier>
    </Filter>
    <Filter Include="Source Files\Engine Systems">
      <UniqueIdentifier>{cd6480ae-b43c-4943-a741-9ff5444b0fdb}</UniqueIdentifier>
    </Filter>
    <Filter Include="Source Files\Helpers">
      <UniqueIdentifier>{bb40f40c-dbfc-4a5d-b989-4e466ea511de}</UniqueIdentifier>
    </Filter>
    <Filter Include="Source Files\Interfaces">
      <UniqueIdentifier>{02967356-8010-475c-a93f-7453251d8b4f}</UniqueIdentifier>
    </Filter>
    <Filter Include="Source Files\Module Systems">
      <UniqueIdentifier>{f38cb90b-9306-4672-bca8-e35038ad1b34}</UniqueIdentifier>
    </Filter>
    <Filter Include="Source Files\Types">
      <UniqueIdentifier>{3e0c1d18-e7ba-4052-91b8-9e1450783380}</UniqueIdentifier>
    </Filter>
    <Filter Include="Source Files\Modules">
      <UniqueIdentifier>{2ce674eb-71bb-4f13-9c40-3c0932418540}</UniqueIdentifier>
    </Filter>
    <Filter Include="Header Files\Callbacks">
      <UniqueIdentifier>{8b9d5be7-60d2-4ed2-ab77-48abe8efebb8}</UniqueIdentifier>
    </Filter>
    <Filter Include="Header Files\Functions">
      <UniqueIdentifier>{eb065c97-f93b-43a3-8241-3e9c30d5d01e}</UniqueIdentifier>
    </Filter>
    <Filter Include="Source Files\Functions">
      <UniqueIdentifier>{73e8e85d-1a7f-426d-bde0-9ea7e04d7b8b}</UniqueIdentifier>
    </Filter>
    <Filter Include="Header Files\Data">
      <UniqueIdentifier>{f603ec31-0791-4305-bbce-2d11db9f4183}</UniqueIdentifier>
    </Filter>
    <Filter Include="Source Files\Data">
      <UniqueIdentifier>{0357bc95-8961-4c14-9997-d29908ed7f04}</UniqueIdentifier>
    </Filter>
    <Filter Include="Header Files\Data\Core">
      <UniqueIdentifier>{d2425bec-3998-4a7b-90a1-5263569f520b}</UniqueIdentifier>
    </Filter>
    <Filter Include="Header Files\Data\Events">
      <UniqueIdentifier>{55485bab-53a7-4e64-be42-ae9d4fa8b659}</UniqueIdentifier>
    </Filter>
    <Filter Include="Header Files\Data\Graphics">
      <UniqueIdentifier>{a4fd32d6-12cb-43e6-b627-b0f6bac5144a}</UniqueIdentifier>
    </Filter>
    <Filter Include="Header Files\Data\State Machines">
      <UniqueIdentifier>{88b7d591-a807-4c66-a4c0-e1a6500b5e8b}</UniqueIdentifier>
    </Filter>
    <Filter Include="Header Files\Data\Input">
      <UniqueIdentifier>{0f5c40f8-ff5b-4684-a944-efde743987d3}</UniqueIdentifier>
    </Filter>
    <Filter Include="Header Files\Data\Math">
      <UniqueIdentifier>{44c792fa-1de4-4975-9c69-599aeecb2149}</UniqueIdentifier>
    </Filter>
    <Filter Include="Header Files\Data\Graphs">
      <UniqueIdentifier>{047ff6fa-848f-4027-8fbc-a440f36459ce}</UniqueIdentifier>
    </Filter>
    <Filter Include="Header Files\Data\Properties">
      <UniqueIdentifier>{4aa7a956-280f-4581-946e-e52fc048af53}</UniqueIdentifier>
    </Filter>
    <Filter Include="Header Files\Data\Animations">
      <UniqueIdentifier>{a71d9553-d312-4eb7-bbf5-e09eebfe763e}</UniqueIdentifier>
    </Filter>
    <Filter Include="Header Files\Data\Audio">
      <UniqueIdentifier>{7edf5ec3-0411-47d3-a317-85884b167e06}</UniqueIdentifier>
    </Filter>
    <Filter Include="Header Files\Data\Miscellaneous">
      <UniqueIdentifier>{e966dae0-36f8-42f2-9903-0de110255a04}</UniqueIdentifier>
    </Filter>
    <Filter Include="Header Files\Functions\Physics">
      <UniqueIdentifier>{c2239607-42c8-4a44-a324-7f7f44e5614c}</UniqueIdentifier>
    </Filter>
  </ItemGroup>
  <ItemGroup>
    <ClCompile Include="main.cpp">
      <Filter>Source Files</Filter>
    </ClCompile>
    <ClCompile Include="engine.cpp">
      <Filter>Source Files</Filter>
    </ClCompile>
    <ClCompile Include="debug.cpp">
      <Filter>Source Files\Engine Systems</Filter>
    </ClCompile>
    <ClCompile Include="engine_system.cpp">
      <Filter>Source Files\Interfaces</Filter>
    </ClCompile>
    <ClCompile Include="module_system_manager.cpp">
      <Filter>Source Files\Engine Systems</Filter>
    </ClCompile>
    <ClCompile Include="scene_manager.cpp">
      <Filter>Source Files\Engine Systems</Filter>
    </ClCompile>
    <ClCompile Include="tick.cpp">
      <Filter>Source Files\Types</Filter>
    </ClCompile>
    <ClCompile Include="engine_system_manager.cpp">
      <Filter>Source Files\Engine Systems</Filter>
    </ClCompile>
    <ClCompile Include="serializable.cpp">
      <Filter>Source Files\Interfaces</Filter>
    </ClCompile>
    <ClCompile Include="random.cpp">
      <Filter>Source Files\Engine Systems</Filter>
    </ClCompile>
    <ClCompile Include="set_velocity.cpp">
      <Filter>Source Files\Functions</Filter>
    </ClCompile>
    <ClCompile Include="set_acceleration.cpp">
      <Filter>Source Files\Functions</Filter>
    </ClCompile>
    <ClCompile Include="input_button.hpp">
      <Filter>Header Files\Data\Input</Filter>
    </ClCompile>
  </ItemGroup>
  <ItemGroup>
    <ClInclude Include="engine.hpp">
      <Filter>Header Files</Filter>
    </ClInclude>
    <ClInclude Include="debug.hpp">
      <Filter>Header Files\Engine Systems</Filter>
    </ClInclude>
    <ClInclude Include="engine_system_manager.hpp">
      <Filter>Header Files\Engine Systems</Filter>
    </ClInclude>
    <ClInclude Include="module_system_manager.hpp">
      <Filter>Header Files\Engine Systems</Filter>
    </ClInclude>
    <ClInclude Include="scene_manager.hpp">
      <Filter>Header Files\Engine Systems</Filter>
    </ClInclude>
    <ClInclude Include="serialize.hpp">
      <Filter>Header Files\Engine Systems</Filter>
    </ClInclude>
    <ClInclude Include="random.hpp">
      <Filter>Header Files\Engine Systems</Filter>
    </ClInclude>
    <ClInclude Include="time.hpp">
      <Filter>Header Files\Engine Systems</Filter>
    </ClInclude>
    <ClInclude Include="window_manager.hpp">
      <Filter>Header Files\Engine Systems</Filter>
    </ClInclude>
    <ClInclude Include="audio.hpp">
      <Filter>Header Files\Engine Systems</Filter>
    </ClInclude>
    <ClInclude Include="engine_system.hpp">
      <Filter>Header Files\Interfaces</Filter>
    </ClInclude>
    <ClInclude Include="module_system.hpp">
      <Filter>Header Files\Interfaces</Filter>
    </ClInclude>
    <ClInclude Include="unique.hpp">
      <Filter>Header Files\Interfaces</Filter>
    </ClInclude>
    <ClInclude Include="serializable.hpp">
      <Filter>Header Files\Interfaces</Filter>
    </ClInclude>
    <ClInclude Include="interpolatable.hpp">
      <Filter>Header Files\Interfaces</Filter>
    </ClInclude>
    <ClInclude Include="gui_drawable.hpp">
      <Filter>Header Files\Interfaces</Filter>
    </ClInclude>
    <ClInclude Include="randomly_generatable.hpp">
      <Filter>Header Files\Interfaces</Filter>
    </ClInclude>
    <ClInclude Include="val.hpp">
      <Filter>Header Files\Type Templates</Filter>
    </ClInclude>
    <ClInclude Include="asset.hpp">
      <Filter>Header Files\Type Templates</Filter>
    </ClInclude>
    <ClInclude Include="instance.hpp">
      <Filter>Header Files\Type Templates</Filter>
    </ClInclude>
    <ClInclude Include="optional.hpp">
      <Filter>Header Files\Type Templates</Filter>
    </ClInclude>
    <ClInclude Include="ref.hpp">
      <Filter>Header Files\Type Templates</Filter>
    </ClInclude>
    <ClInclude Include="required.hpp">
      <Filter>Header Files\Type Templates</Filter>
    </ClInclude>
    <ClInclude Include="t.hpp">
      <Filter>Header Files\Type Templates</Filter>
    </ClInclude>
    <ClInclude Include="appearance.hpp">
      <Filter>Header Files\Modules</Filter>
    </ClInclude>
    <ClInclude Include="camera.hpp">
      <Filter>Header Files\Modules</Filter>
    </ClInclude>
    <ClInclude Include="collision.hpp">
      <Filter>Header Files\Modules</Filter>
    </ClInclude>
    <ClInclude Include="emitter.hpp">
      <Filter>Header Files\Modules</Filter>
    </ClInclude>
    <ClInclude Include="input.hpp">
      <Filter>Header Files\Modules</Filter>
    </ClInclude>
    <ClInclude Include="timer.hpp">
      <Filter>Header Files\Modules</Filter>
    </ClInclude>
    <ClInclude Include="transformer.hpp">
      <Filter>Header Files\Modules</Filter>
    </ClInclude>
    <ClInclude Include="ui_element.hpp">
      <Filter>Header Files\Modules</Filter>
    </ClInclude>
    <ClInclude Include="structure.hpp">
      <Filter>Header Files\Modules</Filter>
    </ClInclude>
    <ClInclude Include="sender.hpp">
      <Filter>Header Files\Modules</Filter>
    </ClInclude>
    <ClInclude Include="receiver.hpp">
      <Filter>Header Files\Modules</Filter>
    </ClInclude>
    <ClInclude Include="properties.hpp">
      <Filter>Header Files\Modules</Filter>
    </ClInclude>
    <ClInclude Include="layout.hpp">
      <Filter>Header Files\Modules</Filter>
    </ClInclude>
    <ClInclude Include="state_machine_agent.hpp">
      <Filter>Header Files\Modules</Filter>
    </ClInclude>
    <ClInclude Include="physics.hpp">
      <Filter>Header Files\Modules</Filter>
    </ClInclude>
    <ClInclude Include="math.hpp">
      <Filter>Header Files\Helpers</Filter>
    </ClInclude>
    <ClInclude Include="type_templates.hpp">
      <Filter>Header Files\Type Templates</Filter>
    </ClInclude>
    <ClInclude Include="collision_callback_context.hpp">
      <Filter>Header Files\Callbacks</Filter>
    </ClInclude>
    <ClInclude Include="ui_element_callback_context.hpp">
      <Filter>Header Files\Callbacks</Filter>
    </ClInclude>
    <ClInclude Include="input_callback_context.hpp">
      <Filter>Header Files\Callbacks</Filter>
    </ClInclude>
    <ClInclude Include="graphics.hpp">
      <Filter>Header Files\Engine Systems</Filter>
    </ClInclude>
    <ClInclude Include="function.hpp">
      <Filter>Header Files\Interfaces</Filter>
    </ClInclude>
    <ClInclude Include="tick.hpp">
      <Filter>Header Files\Types</Filter>
    </ClInclude>
    <ClInclude Include="window.hpp">
      <Filter>Header Files\Types</Filter>
    </ClInclude>
    <ClInclude Include="save_data.hpp">
      <Filter>Header Files\Types</Filter>
    </ClInclude>
    <ClInclude Include="rigidbody.hpp">
      <Filter>Header Files\Types</Filter>
    </ClInclude>
    <ClInclude Include="drawable.hpp">
      <Filter>Header Files\Types</Filter>
    </ClInclude>
    <ClInclude Include="physics_system.hpp">
      <Filter>Header Files\Module Systems</Filter>
    </ClInclude>
    <ClInclude Include="emission_system.hpp">
      <Filter>Header Files\Module Systems</Filter>
    </ClInclude>
    <ClInclude Include="input_system.hpp">
      <Filter>Header Files\Module Systems</Filter>
    </ClInclude>
    <ClInclude Include="collision_system.hpp">
      <Filter>Header Files\Module Systems</Filter>
    </ClInclude>
    <ClInclude Include="send_system.hpp">
      <Filter>Header Files\Module Systems</Filter>
    </ClInclude>
    <ClInclude Include="timer_system.hpp">
      <Filter>Header Files\Module Systems</Filter>
    </ClInclude>
    <ClInclude Include="ui_system.hpp">
      <Filter>Header Files\Module Systems</Filter>
    </ClInclude>
    <ClInclude Include="state_machine_system.hpp">
      <Filter>Header Files\Module Systems</Filter>
    </ClInclude>
    <ClInclude Include="receive_system.hpp">
      <Filter>Header Files\Module Systems</Filter>
    </ClInclude>
    <ClInclude Include="gui.hpp">
      <Filter>Header Files\Helpers</Filter>
    </ClInclude>
    <ClInclude Include="entity.hpp">
      <Filter>Header Files\Data\Core</Filter>
    </ClInclude>
    <ClInclude Include="module.hpp">
      <Filter>Header Files\Data\Core</Filter>
    </ClInclude>
    <ClInclude Include="project.hpp">
      <Filter>Header Files\Data\Core</Filter>
    </ClInclude>
    <ClInclude Include="scene.hpp">
      <Filter>Header Files\Data\Core</Filter>
    </ClInclude>
    <ClInclude Include="event.hpp">
      <Filter>Header Files\Data\Events</Filter>
    </ClInclude>
    <ClInclude Include="event_func.hpp">
      <Filter>Header Files\Data\Events</Filter>
    </ClInclude>
    <ClInclude Include="material.hpp">
      <Filter>Header Files\Data\Graphics</Filter>
    </ClInclude>
    <ClInclude Include="material_settings.hpp">
      <Filter>Header Files\Data\Graphics</Filter>
    </ClInclude>
    <ClInclude Include="shader.hpp">
      <Filter>Header Files\Data\Graphics</Filter>
    </ClInclude>
    <ClInclude Include="state_machine.hpp">
      <Filter>Header Files\Data\State Machines</Filter>
    </ClInclude>
    <ClInclude Include="state_machine_state.hpp">
      <Filter>Header Files\Data\State Machines</Filter>
    </ClInclude>
    <ClInclude Include="state_machine_transition.hpp">
      <Filter>Header Files\Data\State Machines</Filter>
    </ClInclude>
    <ClInclude Include="input_event_group.hpp">
      <Filter>Header Files\Data\Input</Filter>
    </ClInclude>
    <ClInclude Include="vector.hpp">
      <Filter>Header Files\Data\Math</Filter>
    </ClInclude>
    <ClInclude Include="quaternion.hpp">
      <Filter>Header Files\Data\Math</Filter>
    </ClInclude>
    <ClInclude Include="matrix.hpp">
      <Filter>Header Files\Data\Math</Filter>
    </ClInclude>
    <ClInclude Include="fixed.hpp">
      <Filter>Header Files\Data\Math</Filter>
    </ClInclude>
    <ClInclude Include="graph.hpp">
      <Filter>Header Files\Data\Graphs</Filter>
    </ClInclude>
    <ClInclude Include="graph_point.hpp">
      <Filter>Header Files\Data\Graphs</Filter>
    </ClInclude>
    <ClInclude Include="property_group.hpp">
      <Filter>Header Files\Data\Properties</Filter>
    </ClInclude>
    <ClInclude Include="property.hpp">
      <Filter>Header Files\Data\Properties</Filter>
    </ClInclude>
    <ClInclude Include="animation.hpp">
      <Filter>Header Files\Data\Animations</Filter>
    </ClInclude>
    <ClInclude Include="keyframe_data.hpp">
      <Filter>Header Files\Data\Animations</Filter>
    </ClInclude>
    <ClInclude Include="clip.hpp">
      <Filter>Header Files\Data\Audio</Filter>
    </ClInclude>
    <ClInclude Include="texture.hpp">
      <Filter>Header Files\Data\Graphics</Filter>
    </ClInclude>
    <ClInclude Include="color.hpp">
      <Filter>Header Files\Data\Graphics</Filter>
    </ClInclude>
    <ClInclude Include="mask.hpp">
      <Filter>Header Files\Data\Miscellaneous</Filter>
    </ClInclude>
    <ClInclude Include="mesh.hpp">
      <Filter>Header Files\Data\Graphics</Filter>
    </ClInclude>
    <ClInclude Include="processor.hpp">
      <Filter>Header Files\Data\Miscellaneous</Filter>
    </ClInclude>
    <ClInclude Include="variants.hpp">
      <Filter>Header Files\Data\Miscellaneous</Filter>
    </ClInclude>
    <ClInclude Include="range.hpp">
      <Filter>Header Files\Data\Math</Filter>
    </ClInclude>
    <ClInclude Include="rect.hpp">
      <Filter>Header Files\Data\Math</Filter>
    </ClInclude>
    <ClInclude Include="transform.hpp">
      <Filter>Header Files\Data\Math</Filter>
    </ClInclude>
    <ClInclude Include="polygon.hpp">
      <Filter>Header Files\Data\Math</Filter>
    </ClInclude>
    <ClInclude Include="set_acceleration.hpp">
      <Filter>Header Files\Functions\Physics</Filter>
    </ClInclude>
    <ClInclude Include="set_velocity.hpp">
      <Filter>Header Files\Functions\Physics</Filter>
    </ClInclude>
  </ItemGroup>
</Project>